{
    "_meta": {
        "hash": {
            "sha256": "33d3f7ab188d0f4fa29d459806876d58ecc63f6a392c14981eb38504e21558c6"
        },
        "pipfile-spec": 6,
        "requires": {
            "python_version": "3.8"
        },
        "sources": [
            {
                "name": "pypi",
                "url": "https://pypi.org/simple",
                "verify_ssl": true
            }
        ]
    },
    "default": {
        "base58": {
            "hashes": [
                "sha256:171a547b4a3c61e1ae3807224a6f7aec75e364c4395e7562649d7335768001a2",
                "sha256:8225891d501b68c843ffe30b86371f844a21c6ba00da76f52f9b998ba771fb48"
            ],
            "version": "==2.1.0"
        },
        "bitcoin": {
            "hashes": [
                "sha256:11ba70bd9e1c764f6bb2c4bd4c7fbebd5c9053c73f4d4325b00a98869a8b7236"
            ],
            "version": "==1.1.42"
        },
        "certifi": {
            "hashes": [
                "sha256:2bbf76fd432960138b3ef6dda3dde0544f27cbf8546c458e60baf371917ba9ee",
                "sha256:50b1e4f8446b06f41be7dd6338db18e0990601dce795c2b1686458aa7e8fa7d8"
            ],
            "version": "==2021.5.30"
        },
        "chardet": {
            "hashes": [
                "sha256:0d6f53a15db4120f2b08c94f11e7d93d2c911ee118b6b30a04ec3ee8310179fa",
                "sha256:f864054d66fd9118f2e67044ac8981a54775ec5b67aed0441892edb553d21da5"
            ],
            "version": "==4.0.0"
        },
        "cytoolz": {
            "hashes": [
                "sha256:c64f3590c3eb40e1548f0d3c6b2ccde70493d0b8dc6cc7f9f3fec0bb3dcd4222"
            ],
            "markers": "implementation_name == 'cpython'",
            "version": "==0.11.0"
        },
        "deprecated": {
            "hashes": [
                "sha256:08452d69b6b5bc66e8330adde0a4f8642e969b9e1702904d137eeb29c8ffc771",
                "sha256:6d2de2de7931a968874481ef30208fd4e08da39177d61d3d4ebdf4366e7dbca1"
            ],
            "version": "==1.2.12"
        },
        "eth-hash": {
            "hashes": [
                "sha256:a3bc7f1c12eb086525999de7f83b9e7ad39740b31f0f4eccb17377ed70de24dd",
                "sha256:aee46d9c43b98ac6d4ddf957cf75d4d0a5174ee814cc6b53dd6134dcedb459bf"
            ],
            "version": "==0.3.1"
        },
        "eth-typing": {
            "hashes": [
                "sha256:1140c7592321dbf10d6663c46f7e43eb0e6410b011b03f14b3df3eb1f76aa9bb",
                "sha256:97ba0f83da7cf1d3668f6ed54983f21168076c552762bf5e06d4a20921877f3f"
            ],
            "version": "==2.2.2"
        },
        "eth-utils": {
            "hashes": [
                "sha256:74240a8c6f652d085ed3c85f5f1654203d2f10ff9062f83b3bad0a12ff321c7a",
                "sha256:bf82762a46978714190b0370265a7148c954d3f0adaa31c6f085ea375e4c61af"
            ],
            "version": "==1.10.0"
        },
        "idna": {
            "hashes": [
                "sha256:b307872f855b18632ce0c21c5e45be78c0ea7ae4c15c828c20788b26921eb3f6",
                "sha256:b97d804b1e9b523befed77c48dacec60e6dcb0b5391d57af6a65a312a90648c0"
            ],
            "version": "==2.10"
        },
        "minter-sdk": {
            "hashes": [
                "sha256:36051729788a318755d94fbb35db991687bd51fe4199c8242dd676cef8e6cc50",
                "sha256:f8ee91134cd542dcb5b4a0d4a9a66a88866dc1272cfd27c9567e52f968a170e5"
            ],
            "index": "pypi",
            "version": "==1.0.26"
        },
        "mnemonic": {
            "hashes": [
                "sha256:4e37eb02b2cbd56a0079cabe58a6da93e60e3e4d6e757a586d9f23d96abea931",
                "sha256:a8d78c5100acfa7df9bab6b9db7390831b0e54490934b718ff9efd68f0d731a6"
            ],
            "version": "==0.19"
        },
        "pyqrcode": {
            "hashes": [
                "sha256:1b2812775fa6ff5c527977c4cd2ccb07051ca7d0bc0aecf937a43864abe5eff6",
                "sha256:fdbf7634733e56b72e27f9bce46e4550b75a3a2c420414035cae9d9d26b234d5"
            ],
            "version": "==1.2.1"
        },
        "pysha3": {
            "hashes": [
                "sha256:0060a66be16665d90c432f55a0ba1f6480590cfb7d2ad389e688a399183474f0",
                "sha256:11a2ba7a2e1d9669d0052fc8fb30f5661caed5512586ecbeeaf6bf9478ab5c48",
                "sha256:386998ee83e313b6911327174e088021f9f2061cbfa1651b97629b761e9ef5c4",
                "sha256:41be70b06c8775a9e4d4eeb52f2f6a3f356f17539a54eac61f43a29e42fd453d",
                "sha256:4416f16b0f1605c25f627966f76873e432971824778b369bd9ce1bb63d6566d9",
                "sha256:571a246308a7b63f15f5aa9651f99cf30f2a6acba18eddf28f1510935968b603",
                "sha256:59111c08b8f34495575d12e5f2ce3bafb98bea470bc81e70c8b6df99aef0dd2f",
                "sha256:5ec8da7c5c70a53b5fa99094af3ba8d343955b212bc346a0d25f6ff75853999f",
                "sha256:684cb01d87ed6ff466c135f1c83e7e4042d0fc668fa20619f581e6add1d38d77",
                "sha256:68c3a60a39f9179b263d29e221c1bd6e01353178b14323c39cc70593c30f21c5",
                "sha256:6e6a84efb7856f5d760ee55cd2b446972cb7b835676065f6c4f694913ea8f8d9",
                "sha256:827b308dc025efe9b6b7bae36c2e09ed0118a81f792d888548188e97b9bf9a3d",
                "sha256:93abd775dac570cb9951c4e423bcb2bc6303a9d1dc0dc2b7afa2dd401d195b24",
                "sha256:9c778fa8b161dc9348dc5cc361e94d54aa5ff18413788f4641f6600d4893a608",
                "sha256:9fdd28884c5d0b4edfed269b12badfa07f1c89dbc5c9c66dd279833894a9896b",
                "sha256:c7c2adcc43836223680ebdf91f1d3373543dc32747c182c8ca2e02d1b69ce030",
                "sha256:c93a2676e6588abcfaecb73eb14485c81c63b94fca2000a811a7b4fb5937b8e8",
                "sha256:cd5c961b603bd2e6c2b5ef9976f3238a561c58569945d4165efb9b9383b050ef",
                "sha256:f9046d59b3e72aa84f6dae83a040bd1184ebd7fef4e822d38186a8158c89e3cf",
                "sha256:fd7e66999060d079e9c0e8893e78d8017dad4f59721f6fe0be6307cd32127a07",
                "sha256:fe988e73f2ce6d947220624f04d467faf05f1bbdbc64b0a201296bb3af92739e"
            ],
            "version": "==1.0.2"
        },
        "requests": {
            "hashes": [
                "sha256:27973dd4a904a4f13b263a19c866c13b92a39ed1c964655f025f3f8d3d75b804",
                "sha256:c210084e36a42ae6b9219e00e48287def368a26d03a048ddad7bfee44f75871e"
            ],
            "version": "==2.25.1"
        },
        "rlp": {
            "hashes": [
                "sha256:52a57c9f53f03c88b189283734b397314288250cc4a3c4113e9e36e2ac6bdd16",
                "sha256:665e8312750b3fc5f7002e656d05b9dcb6e93b6063df40d95c49ad90c19d1f0e"
            ],
            "version": "==2.0.1"
        },
        "toolz": {
            "hashes": [
                "sha256:1bc473acbf1a1db4e72a1ce587be347450e8f08324908b8a266b486f408f04d5",
                "sha256:c7a47921f07822fe534fb1c01c9931ab335a4390c782bd28c6bcc7c2f71f3fbf"
            ],
            "version": "==0.11.1"
        },
        "urllib3": {
            "hashes": [
                "sha256:753a0374df26658f99d826cfe40394a686d05985786d946fbe4165b5148f5a7c",
                "sha256:a7acd0977125325f516bda9735fa7142b909a8d01e8b2e4c8108d0984e6e0098"
            ],
            "index": "pypi",
            "version": "==1.26.5"
        },
        "wrapt": {
            "hashes": [
                "sha256:b62ffa81fb85f4332a4f609cab4ac40709470da05643a082ec1eb88e6d9b97d7"
            ],
            "version": "==1.12.1"
        }
    },
    "develop": {}
}
